
Microsoft Visual Studio Solution File, Format Version 12.00
# Visual Studio Version 17
VisualStudioVersion = 17.10.35013.160
MinimumVisualStudioVersion = 10.0.40219.1
Project("{9A19103F-16F7-4668-BE54-9A1E7A4F7556}") = "SubscriptionAutomaton", "SubscriptionAutomaton\SubscriptionAutomaton.csproj", "{31345AC9-68DE-44A9-8CC8-F0B4D72B4FE8}"
EndProject
Project("{9A19103F-16F7-4668-BE54-9A1E7A4F7556}") = "Persistence", "Repositories\Persistence.csproj", "{5A0544AD-8C95-44DB-914E-BFC352ADB71D}"
EndProject
Project("{9A19103F-16F7-4668-BE54-9A1E7A4F7556}") = "Domain", "Domain\Domain.csproj", "{0B8903EA-B15C-42AA-8D74-A5A97C1587E1}"
EndProject
Project("{9A19103F-16F7-4668-BE54-9A1E7A4F7556}") = "Application", "Application\Application.csproj", "{26012DAD-BD3B-4102-8393-71B8220F450D}"
EndProject
Global
	GlobalSection(SolutionConfigurationPlatforms) = preSolution
		Debug|Any CPU = Debug|Any CPU
		Release|Any CPU = Release|Any CPU
	EndGlobalSection
	GlobalSection(ProjectConfigurationPlatforms) = postSolution
		{31345AC9-68DE-44A9-8CC8-F0B4D72B4FE8}.Debug|Any CPU.ActiveCfg = Debug|Any CPU
		{31345AC9-68DE-44A9-8CC8-F0B4D72B4FE8}.Debug|Any CPU.Build.0 = Debug|Any CPU
		{31345AC9-68DE-44A9-8CC8-F0B4D72B4FE8}.Release|Any CPU.ActiveCfg = Release|Any CPU
		{31345AC9-68DE-44A9-8CC8-F0B4D72B4FE8}.Release|Any CPU.Build.0 = Release|Any CPU
		{5A0544AD-8C95-44DB-914E-BFC352ADB71D}.Debug|Any CPU.ActiveCfg = Debug|Any CPU
		{5A0544AD-8C95-44DB-914E-BFC352ADB71D}.Debug|Any CPU.Build.0 = Debug|Any CPU
		{5A0544AD-8C95-44DB-914E-BFC352ADB71D}.Release|Any CPU.ActiveCfg = Release|Any CPU
		{5A0544AD-8C95-44DB-914E-BFC352ADB71D}.Release|Any CPU.Build.0 = Release|Any CPU
		{0B8903EA-B15C-42AA-8D74-A5A97C1587E1}.Debug|Any CPU.ActiveCfg = Debug|Any CPU
		{0B8903EA-B15C-42AA-8D74-A5A97C1587E1}.Debug|Any CPU.Build.0 = Debug|Any CPU
		{0B8903EA-B15C-42AA-8D74-A5A97C1587E1}.Release|Any CPU.ActiveCfg = Release|Any CPU
		{0B8903EA-B15C-42AA-8D74-A5A97C1587E1}.Release|Any CPU.Build.0 = Release|Any CPU
		{26012DAD-BD3B-4102-8393-71B8220F450D}.Debug|Any CPU.ActiveCfg = Debug|Any CPU
		{26012DAD-BD3B-4102-8393-71B8220F450D}.Debug|Any CPU.Build.0 = Debug|Any CPU
		{26012DAD-BD3B-4102-8393-71B8220F450D}.Release|Any CPU.ActiveCfg = Release|Any CPU
		{26012DAD-BD3B-4102-8393-71B8220F450D}.Release|Any CPU.Build.0 = Release|Any CPU
	EndGlobalSection
	GlobalSection(SolutionProperties) = preSolution
		HideSolutionNode = FALSE
	EndGlobalSection
	GlobalSection(ExtensibilityGlobals) = postSolution
		SolutionGuid = {ECDC3DF2-35EE-4603-BEB5-D7F9E088AD7A}
	EndGlobalSection
EndGlobal
